<?xml version="1.0" encoding="utf-8"?>
<Project ToolsVersion="4.0" xmlns="http://schemas.microsoft.com/developer/msbuild/2003">
  <ItemGroup>
    <ClCompile Include="CameraMode.cpp" />
    <ClCompile Include="drawing.cpp" />
    <ClCompile Include="GlobalMode.cpp" />
    <ClCompile Include="Keybaord.cpp" />
    <ClCompile Include="MatrixHandler.cpp" />
    <ClCompile Include="Mouse.cpp" />
    <ClCompile Include="main.cpp" />
    <ClCompile Include="object3d.cpp" />
    <ClCompile Include="parser.cpp" />
    <ClCompile Include="PickingList.cpp" />
    <ClCompile Include="Scene.cpp" />
    <ClCompile Include="PickMode.cpp" />
    <ClCompile Include="State.cpp" />
  </ItemGroup>
  <ItemGroup>
    <ClInclude Include="CameraMode.h" />
    <ClInclude Include="drawing.h" />
    <ClInclude Include="GlobalMode.h" />
    <ClInclude Include="PickingList.h" />
    <ClInclude Include="object3d.h" />
    <ClInclude Include="PickMode.h" />
    <ClInclude Include="Keybaord.h" />
    <ClInclude Include="MatrixHandler.h" />
    <ClInclude Include="Mouse.h" />
    <ClInclude Include="parser.h" />
    <ClInclude Include="Scene.h" />
    <ClInclude Include="State.h" />
    <ClInclude Include="Vector3f.h" />
  </ItemGroup>
</Project>